
Microsoft Visual Studio Solution File, Format Version 12.00
# Visual Studio Version 16
VisualStudioVersion = 16.0.31911.196
MinimumVisualStudioVersion = 10.0.40219.1
Project("{FAE04EC0-301F-11D3-BF4B-00C04F79EFBC}") = "SelfHostRunner", "SelfHostRunner.csproj", "{C06FAE61-2C40-40A1-9441-73EA072DA39E}"
EndProject
Global
	GlobalSection(SolutionConfigurationPlatforms) = preSolution
		Debug|Any CPU = Debug|Any CPU
		Release|Any CPU = Release|Any CPU
	EndGlobalSection
	GlobalSection(ProjectConfigurationPlatforms) = postSolution
		{C06FAE61-2C40-40A1-9441-73EA072DA39E}.Debug|Any CPU.ActiveCfg = Debug|Any CPU
		{C06FAE61-2C40-40A1-9441-73EA072DA39E}.Debug|Any CPU.Build.0 = Debug|Any CPU
		{C06FAE61-2C40-40A1-9441-73EA072DA39E}.Release|Any CPU.ActiveCfg = Release|Any CPU
		{C06FAE61-2C40-40A1-9441-73EA072DA39E}.Release|Any CPU.Build.0 = Release|Any CPU
	EndGlobalSection
	GlobalSection(SolutionProperties) = preSolution
		HideSolutionNode = FALSE
	EndGlobalSection
	GlobalSection(ExtensibilityGlobals) = postSolution
		SolutionGuid = {5EC58964-F1CD-431D-BB42-632BD5C8C065}
	EndGlobalSection
EndGlobal
